// !$*UTF8*$!
{
	archiveVersion = 1;
	classes = {
	};
	objectVersion = 50;
	objects = {

/* Begin PBXBuildFile section */
		037404AE2464ACCD00F8DFAF /* AppDelegate.swift in Sources */ = {isa = PBXBuildFile; fileRef = 037404AD2464ACCD00F8DFAF /* AppDelegate.swift */; };
		037404B02464ACCD00F8DFAF /* SceneDelegate.swift in Sources */ = {isa = PBXBuildFile; fileRef = 037404AF2464ACCD00F8DFAF /* SceneDelegate.swift */; };
		037404B22464ACCD00F8DFAF /* ContentView.swift in Sources */ = {isa = PBXBuildFile; fileRef = 037404B12464ACCD00F8DFAF /* ContentView.swift */; };
		037404B42464ACD000F8DFAF /* Assets.xcassets in Resources */ = {isa = PBXBuildFile; fileRef = 037404B32464ACD000F8DFAF /* Assets.xcassets */; };
		037404B72464ACD000F8DFAF /* Preview Assets.xcassets in Resources */ = {isa = PBXBuildFile; fileRef = 037404B62464ACD000F8DFAF /* Preview Assets.xcassets */; };
		037404BA2464ACD000F8DFAF /* LaunchScreen.storyboard in Resources */ = {isa = PBXBuildFile; fileRef = 037404B82464ACD000F8DFAF /* LaunchScreen.storyboard */; };
		A3D2272E24697D8800B55BDD /* LocationManager.swift in Sources */ = {isa = PBXBuildFile; fileRef = A3D2272924697D8800B55BDD /* LocationManager.swift */; };
		A3D2272F24697D8800B55BDD /* MapView.swift in Sources */ = {isa = PBXBuildFile; fileRef = A3D2272A24697D8800B55BDD /* MapView.swift */; };
		A3D2273024697D8800B55BDD /* TextButtonView.swift in Sources */ = {isa = PBXBuildFile; fileRef = A3D2272B24697D8800B55BDD /* TextButtonView.swift */; };
		A3D2273124697D8800B55BDD /* LocationService.swift in Sources */ = {isa = PBXBuildFile; fileRef = A3D2272D24697D8800B55BDD /* LocationService.swift */; };
/* End PBXBuildFile section */

/* Begin PBXFileReference section */
		037404AA2464ACCD00F8DFAF /* colour-run-map.app */ = {isa = PBXFileReference; explicitFileType = wrapper.application; includeInIndex = 0; path = "colour-run-map.app"; sourceTree = BUILT_PRODUCTS_DIR; };
		037404AD2464ACCD00F8DFAF /* AppDelegate.swift */ = {isa = PBXFileReference; lastKnownFileType = sourcecode.swift; path = AppDelegate.swift; sourceTree = "<group>"; };
		037404AF2464ACCD00F8DFAF /* SceneDelegate.swift */ = {isa = PBXFileReference; lastKnownFileType = sourcecode.swift; path = SceneDelegate.swift; sourceTree = "<group>"; };
		037404B12464ACCD00F8DFAF /* ContentView.swift */ = {isa = PBXFileReference; lastKnownFileType = sourcecode.swift; path = ContentView.swift; sourceTree = "<group>"; };
		037404B32464ACD000F8DFAF /* Assets.xcassets */ = {isa = PBXFileReference; lastKnownFileType = folder.assetcatalog; path = Assets.xcassets; sourceTree = "<group>"; };
		037404B62464ACD000F8DFAF /* Preview Assets.xcassets */ = {isa = PBXFileReference; lastKnownFileType = folder.assetcatalog; path = "Preview Assets.xcassets"; sourceTree = "<group>"; };
		037404B92464ACD000F8DFAF /* Base */ = {isa = PBXFileReference; lastKnownFileType = file.storyboard; name = Base; path = Base.lproj/LaunchScreen.storyboard; sourceTree = "<group>"; };
		037404BB2464ACD000F8DFAF /* Info.plist */ = {isa = PBXFileReference; lastKnownFileType = text.plist.xml; path = Info.plist; sourceTree = "<group>"; };
		A3D2272924697D8800B55BDD /* LocationManager.swift */ = {isa = PBXFileReference; fileEncoding = 4; lastKnownFileType = sourcecode.swift; path = LocationManager.swift; sourceTree = "<group>"; };
		A3D2272A24697D8800B55BDD /* MapView.swift */ = {isa = PBXFileReference; fileEncoding = 4; lastKnownFileType = sourcecode.swift; name = MapView.swift; path = "colour-run-map/MapView.swift"; sourceTree = "<group>"; };
		A3D2272B24697D8800B55BDD /* TextButtonView.swift */ = {isa = PBXFileReference; fileEncoding = 4; lastKnownFileType = sourcecode.swift; name = TextButtonView.swift; path = "colour-run-map/TextButtonView.swift"; sourceTree = "<group>"; };
		A3D2272D24697D8800B55BDD /* LocationService.swift */ = {isa = PBXFileReference; fileEncoding = 4; lastKnownFileType = sourcecode.swift; path = LocationService.swift; sourceTree = "<group>"; };
/* End PBXFileReference section */

/* Begin PBXFrameworksBuildPhase section */
		037404A72464ACCD00F8DFAF /* Frameworks */ = {
			isa = PBXFrameworksBuildPhase;
			buildActionMask = 2147483647;
			files = (
			);
			runOnlyForDeploymentPostprocessing = 0;
		};
/* End PBXFrameworksBuildPhase section */

/* Begin PBXGroup section */
		037404A12464ACCD00F8DFAF = {
			isa = PBXGroup;
			children = (
				037404AC2464ACCD00F8DFAF /* colour-run-map */,
				037404AB2464ACCD00F8DFAF /* Products */,
				A3D2272824697D8800B55BDD /* Managers */,
				A3D2272A24697D8800B55BDD /* MapView.swift */,
				A3D2272C24697D8800B55BDD /* Services */,
				A3D2272B24697D8800B55BDD /* TextButtonView.swift */,
			);
			sourceTree = "<group>";
		};
		037404AB2464ACCD00F8DFAF /* Products */ = {
			isa = PBXGroup;
			children = (
				037404AA2464ACCD00F8DFAF /* colour-run-map.app */,
			);
			name = Products;
			sourceTree = "<group>";
		};
		037404AC2464ACCD00F8DFAF /* colour-run-map */ = {
			isa = PBXGroup;
			children = (
				037404AD2464ACCD00F8DFAF /* AppDelegate.swift */,
				037404AF2464ACCD00F8DFAF /* SceneDelegate.swift */,
				037404B12464ACCD00F8DFAF /* ContentView.swift */,
				037404B32464ACD000F8DFAF /* Assets.xcassets */,
				037404B82464ACD000F8DFAF /* LaunchScreen.storyboard */,
				037404BB2464ACD000F8DFAF /* Info.plist */,
				037404B52464ACD000F8DFAF /* Preview Content */,
			);
			path = "colour-run-map";
			sourceTree = "<group>";
		};
		037404B52464ACD000F8DFAF /* Preview Content */ = {
			isa = PBXGroup;
			children = (
				037404B62464ACD000F8DFAF /* Preview Assets.xcassets */,
			);
			path = "Preview Content";
			sourceTree = "<group>";
		};
		A3D2272824697D8800B55BDD /* Managers */ = {
			isa = PBXGroup;
			children = (
				A3D2272924697D8800B55BDD /* LocationManager.swift */,
			);
			name = Managers;
			path = "colour-run-map/Managers";
			sourceTree = "<group>";
		};
		A3D2272C24697D8800B55BDD /* Services */ = {
			isa = PBXGroup;
			children = (
				A3D2272D24697D8800B55BDD /* LocationService.swift */,
			);
			name = Services;
			path = "colour-run-map/Services";
			sourceTree = "<group>";
		};
/* End PBXGroup section */

/* Begin PBXNativeTarget section */
		037404A92464ACCD00F8DFAF /* colour-run-map */ = {
			isa = PBXNativeTarget;
			buildConfigurationList = 037404BE2464ACD000F8DFAF /* Build configuration list for PBXNativeTarget "colour-run-map" */;
			buildPhases = (
				037404A62464ACCD00F8DFAF /* Sources */,
				037404A72464ACCD00F8DFAF /* Frameworks */,
				037404A82464ACCD00F8DFAF /* Resources */,
			);
			buildRules = (
			);
			dependencies = (
			);
			name = "colour-run-map";
			productName = "colour-run-map";
			productReference = 037404AA2464ACCD00F8DFAF /* colour-run-map.app */;
			productType = "com.apple.product-type.application";
		};
/* End PBXNativeTarget section */

/* Begin PBXProject section */
		037404A22464ACCD00F8DFAF /* Project object */ = {
			isa = PBXProject;
			attributes = {
				LastSwiftUpdateCheck = 1140;
				LastUpgradeCheck = 1140;
				ORGANIZATIONNAME = "Kris Skierniewski";
				TargetAttributes = {
					037404A92464ACCD00F8DFAF = {
						CreatedOnToolsVersion = 11.4.1;
					};
				};
			};
			buildConfigurationList = 037404A52464ACCD00F8DFAF /* Build configuration list for PBXProject "colour-run-map" */;
			compatibilityVersion = "Xcode 9.3";
			developmentRegion = en;
			hasScannedForEncodings = 0;
			knownRegions = (
				en,
				Base,
			);
			mainGroup = 037404A12464ACCD00F8DFAF;
			productRefGroup = 037404AB2464ACCD00F8DFAF /* Products */;
			projectDirPath = "";
			projectRoot = "";
			targets = (
				037404A92464ACCD00F8DFAF /* colour-run-map */,
			);
		};
/* End PBXProject section */

/* Begin PBXResourcesBuildPhase section */
		037404A82464ACCD00F8DFAF /* Resources */ = {
			isa = PBXResourcesBuildPhase;
			buildActionMask = 2147483647;
			files = (
				037404BA2464ACD000F8DFAF /* LaunchScreen.storyboard in Resources */,
				037404B72464ACD000F8DFAF /* Preview Assets.xcassets in Resources */,
				037404B42464ACD000F8DFAF /* Assets.xcassets in Resources */,
			);
			runOnlyForDeploymentPostprocessing = 0;
		};
/* End PBXResourcesBuildPhase section */

/* Begin PBXSourcesBuildPhase section */
		037404A62464ACCD00F8DFAF /* Sources */ = {
			isa = PBXSourcesBuildPhase;
			buildActionMask = 2147483647;
			files = (
				A3D2273124697D8800B55BDD /* LocationService.swift in Sources */,
				A3D2272E24697D8800B55BDD /* LocationManager.swift in Sources */,
				037404AE2464ACCD00F8DFAF /* AppDelegate.swift in Sources */,
				A3D2272F24697D8800B55BDD /* MapView.swift in Sources */,
				037404B02464ACCD00F8DFAF /* SceneDelegate.swift in Sources */,
				037404B22464ACCD00F8DFAF /* ContentView.swift in Sources */,
				A3D2273024697D8800B55BDD /* TextButtonView.swift in Sources */,
			);
			runOnlyForDeploymentPostprocessing = 0;
		};
/* End PBXSourcesBuildPhase section */

/* Begin PBXVariantGroup section */
		037404B82464ACD000F8DFAF /* LaunchScreen.storyboard */ = {
			isa = PBXVariantGroup;
			children = (
				037404B92464ACD000F8DFAF /* Base */,
			);
			name = LaunchScreen.storyboard;
			sourceTree = "<group>";
		};
/* End PBXVariantGroup section */

/* Begin XCBuildConfiguration section */
		037404BC2464ACD000F8DFAF /* Debug */ = {
			isa = XCBuildConfiguration;
			buildSettings = {
				ALWAYS_SEARCH_USER_PATHS = NO;
				CLANG_ANALYZER_NONNULL = YES;
				CLANG_ANALYZER_NUMBER_OBJECT_CONVERSION = YES_AGGRESSIVE;
				CLANG_CXX_LANGUAGE_STANDARD = "gnu++14";
				CLANG_CXX_LIBRARY = "libc++";
				CLANG_ENABLE_MODULES = YES;
				CLANG_ENABLE_OBJC_ARC = YES;
				CLANG_ENABLE_OBJC_WEAK = YES;
				CLANG_WARN_BLOCK_CAPTURE_AUTORELEASING = YES;
				CLANG_WARN_BOOL_CONVERSION = YES;
				CLANG_WARN_COMMA = YES;
				CLANG_WARN_CONSTANT_CONVERSION = YES;
				CLANG_WARN_DEPRECATED_OBJC_IMPLEMENTATIONS = YES;
				CLANG_WARN_DIRECT_OBJC_ISA_USAGE = YES_ERROR;
				CLANG_WARN_DOCUMENTATION_COMMENTS = YES;
				CLANG_WARN_EMPTY_BODY = YES;
				CLANG_WARN_ENUM_CONVERSION = YES;
				CLANG_WARN_INFINITE_RECURSION = YES;
				CLANG_WARN_INT_CONVERSION = YES;
				CLANG_WARN_NON_LITERAL_NULL_CONVERSION = YES;
				CLANG_WARN_OBJC_IMPLICIT_RETAIN_SELF = YES;
				CLANG_WARN_OBJC_LITERAL_CONVERSION = YES;
				CLANG_WARN_OBJC_ROOT_CLASS = YES_ERROR;
				CLANG_WARN_RANGE_LOOP_ANALYSIS = YES;
				CLANG_WARN_STRICT_PROTOTYPES = YES;
				CLANG_WARN_SUSPICIOUS_MOVE = YES;
				CLANG_WARN_UNGUARDED_AVAILABILITY = YES_AGGRESSIVE;
				CLANG_WARN_UNREACHABLE_CODE = YES;
				CLANG_WARN__DUPLICATE_METHOD_MATCH = YES;
				COPY_PHASE_STRIP = NO;
				DEBUG_INFORMATION_FORMAT = dwarf;
				ENABLE_STRICT_OBJC_MSGSEND = YES;
				ENABLE_TESTABILITY = YES;
				GCC_C_LANGUAGE_STANDARD = gnu11;
				GCC_DYNAMIC_NO_PIC = NO;
				GCC_NO_COMMON_BLOCKS = YES;
				GCC_OPTIMIZATION_LEVEL = 0;
				GCC_PREPROCESSOR_DEFINITIONS = (
					"DEBUG=1",
					"$(inherited)",
				);
				GCC_WARN_64_TO_32_BIT_CONVERSION = YES;
				GCC_WARN_ABOUT_RETURN_TYPE = YES_ERROR;
				GCC_WARN_UNDECLARED_SELECTOR = YES;
				GCC_WARN_UNINITIALIZED_AUTOS = YES_AGGRESSIVE;
				GCC_WARN_UNUSED_FUNCTION = YES;
				GCC_WARN_UNUSED_VARIABLE = YES;
				IPHONEOS_DEPLOYMENT_TARGET = 13.4;
				MTL_ENABLE_DEBUG_INFO = INCLUDE_SOURCE;
				MTL_FAST_MATH = YES;
				ONLY_ACTIVE_ARCH = YES;
				SDKROOT = iphoneos;
				SWIFT_ACTIVE_COMPILATION_CONDITIONS = DEBUG;
				SWIFT_OPTIMIZATION_LEVEL = "-Onone";
			};
			name = Debug;
		};
		037404BD2464ACD000F8DFAF /* Release */ = {
			isa = XCBuildConfiguration;
			buildSettings = {
				ALWAYS_SEARCH_USER_PATHS = NO;
				CLANG_ANALYZER_NONNULL = YES;
				CLANG_ANALYZER_NUMBER_OBJECT_CONVERSION = YES_AGGRESSIVE;
				CLANG_CXX_LANGUAGE_STANDARD = "gnu++14";
				CLANG_CXX_LIBRARY = "libc++";
				CLANG_ENABLE_MODULES = YES;
				CLANG_ENABLE_OBJC_ARC = YES;
				CLANG_ENABLE_OBJC_WEAK = YES;
				CLANG_WARN_BLOCK_CAPTURE_AUTORELEASING = YES;
				CLANG_WARN_BOOL_CONVERSION = YES;
				CLANG_WARN_COMMA = YES;
				CLANG_WARN_CONSTANT_CONVERSION = YES;
				CLANG_WARN_DEPRECATED_OBJC_IMPLEMENTATIONS = YES;
				CLANG_WARN_DIRECT_OBJC_ISA_USAGE = YES_ERROR;
				CLANG_WARN_DOCUMENTATION_COMMENTS = YES;
				CLANG_WARN_EMPTY_BODY = YES;
				CLANG_WARN_ENUM_CONVERSION = YES;
				CLANG_WARN_INFINITE_RECURSION = YES;
				CLANG_WARN_INT_CONVERSION = YES;
				CLANG_WARN_NON_LITERAL_NULL_CONVERSION = YES;
				CLANG_WARN_OBJC_IMPLICIT_RETAIN_SELF = YES;
				CLANG_WARN_OBJC_LITERAL_CONVERSION = YES;
				CLANG_WARN_OBJC_ROOT_CLASS = YES_ERROR;
				CLANG_WARN_RANGE_LOOP_ANALYSIS = YES;
				CLANG_WARN_STRICT_PROTOTYPES = YES;
				CLANG_WARN_SUSPICIOUS_MOVE = YES;
				CLANG_WARN_UNGUARDED_AVAILABILITY = YES_AGGRESSIVE;
				CLANG_WARN_UNREACHABLE_CODE = YES;
				CLANG_WARN__DUPLICATE_METHOD_MATCH = YES;
				COPY_PHASE_STRIP = NO;
				DEBUG_INFORMATION_FORMAT = "dwarf-with-dsym";
				ENABLE_NS_ASSERTIONS = NO;
				ENABLE_STRICT_OBJC_MSGSEND = YES;
				GCC_C_LANGUAGE_STANDARD = gnu11;
				GCC_NO_COMMON_BLOCKS = YES;
				GCC_WARN_64_TO_32_BIT_CONVERSION = YES;
				GCC_WARN_ABOUT_RETURN_TYPE = YES_ERROR;
				GCC_WARN_UNDECLARED_SELECTOR = YES;
				GCC_WARN_UNINITIALIZED_AUTOS = YES_AGGRESSIVE;
				GCC_WARN_UNUSED_FUNCTION = YES;
				GCC_WARN_UNUSED_VARIABLE = YES;
				IPHONEOS_DEPLOYMENT_TARGET = 13.4;
				MTL_ENABLE_DEBUG_INFO = NO;
				MTL_FAST_MATH = YES;
				SDKROOT = iphoneos;
				SWIFT_COMPILATION_MODE = wholemodule;
				SWIFT_OPTIMIZATION_LEVEL = "-O";
				VALIDATE_PRODUCT = YES;
			};
			name = Release;
		};
		037404BF2464ACD000F8DFAF /* Debug */ = {
			isa = XCBuildConfiguration;
			buildSettings = {
				ASSETCATALOG_COMPILER_APPICON_NAME = AppIcon;
				CODE_SIGN_STYLE = Automatic;
				DEVELOPMENT_ASSET_PATHS = "\"colour-run-map/Preview Content\"";
				DEVELOPMENT_TEAM = 53678AU83S;
				ENABLE_PREVIEWS = YES;
				INFOPLIST_FILE = "colour-run-map/Info.plist";
				LD_RUNPATH_SEARCH_PATHS = (
					"$(inherited)",
					"@executable_path/Frameworks",
				);
				PRODUCT_BUNDLE_IDENTIFIER = "krisskierniewski.colour-run-map";
				PRODUCT_NAME = "$(TARGET_NAME)";
				SWIFT_VERSION = 5.0;
				TARGETED_DEVICE_FAMILY = "1,2";
			};
			name = Debug;
		};
		037404C02464ACD000F8DFAF /* Release */ = {
			isa = XCBuildConfiguration;
			buildSettings = {
				ASSETCATALOG_COMPILER_APPICON_NAME = AppIcon;
				CODE_SIGN_STYLE = Automatic;
				DEVELOPMENT_ASSET_PATHS = "\"colour-run-map/Preview Content\"";
				DEVELOPMENT_TEAM = 53678AU83S;
				ENABLE_PREVIEWS = YES;
				INFOPLIST_FILE = "colour-run-map/Info.plist";
				LD_RUNPATH_SEARCH_PATHS = (
					"$(inherited)",
					"@executable_path/Frameworks",
				);
				PRODUCT_BUNDLE_IDENTIFIER = "krisskierniewski.colour-run-map";
				PRODUCT_NAME = "$(TARGET_NAME)";
				SWIFT_VERSION = 5.0;
				TARGETED_DEVICE_FAMILY = "1,2";
			};
			name = Release;
		};
/* End XCBuildConfiguration section */

/* Begin XCConfigurationList section */
		037404A52464ACCD00F8DFAF /* Build configuration list for PBXProject "colour-run-map" */ = {
			isa = XCConfigurationList;
			buildConfigurations = (
				037404BC2464ACD000F8DFAF /* Debug */,
				037404BD2464ACD000F8DFAF /* Release */,
			);
			defaultConfigurationIsVisible = 0;
			defaultConfigurationName = Release;
		};
		037404BE2464ACD000F8DFAF /* Build configuration list for PBXNativeTarget "colour-run-map" */ = {
			isa = XCConfigurationList;
			buildConfigurations = (
				037404BF2464ACD000F8DFAF /* Debug */,
				037404C02464ACD000F8DFAF /* Release */,
			);
			defaultConfigurationIsVisible = 0;
			defaultConfigurationName = Release;
		};
/* End XCConfigurationList section */
	};
	rootObject = 037404A22464ACCD00F8DFAF /* Project object */;
}
